// !$*UTF8*$!
{
	archiveVersion = 1;
	classes = {
	};
	objectVersion = 46;
	objects = {

/* Begin PBXBuildFile section */
		0103BF1618DB7DF700697273 /* Foundation.framework in Frameworks */ = {isa = PBXBuildFile; fileRef = 0103BF1518DB7DF700697273 /* Foundation.framework */; };
		0103BF1818DB7DF700697273 /* CoreGraphics.framework in Frameworks */ = {isa = PBXBuildFile; fileRef = 0103BF1718DB7DF700697273 /* CoreGraphics.framework */; };
		0103BF1A18DB7DF700697273 /* UIKit.framework in Frameworks */ = {isa = PBXBuildFile; fileRef = 0103BF1918DB7DF700697273 /* UIKit.framework */; };
		0103BF2018DB7DF700697273 /* InfoPlist.strings in Resources */ = {isa = PBXBuildFile; fileRef = 0103BF1E18DB7DF700697273 /* InfoPlist.strings */; };
		0103BF2218DB7DF800697273 /* main.m in Sources */ = {isa = PBXBuildFile; fileRef = 0103BF2118DB7DF800697273 /* main.m */; };
		0103BF2618DB7DF800697273 /* AppDelegate.m in Sources */ = {isa = PBXBuildFile; fileRef = 0103BF2518DB7DF800697273 /* AppDelegate.m */; };
		0103BF2C18DB7DF800697273 /* DebugViewController.m in Sources */ = {isa = PBXBuildFile; fileRef = 0103BF2B18DB7DF800697273 /* DebugViewController.m */; };
		0103BF2E18DB7DF800697273 /* Images.xcassets in Resources */ = {isa = PBXBuildFile; fileRef = 0103BF2D18DB7DF800697273 /* Images.xcassets */; };
		0103BF3518DB7DF800697273 /* XCTest.framework in Frameworks */ = {isa = PBXBuildFile; fileRef = 0103BF3418DB7DF800697273 /* XCTest.framework */; };
		0103BF3618DB7DF800697273 /* Foundation.framework in Frameworks */ = {isa = PBXBuildFile; fileRef = 0103BF1518DB7DF700697273 /* Foundation.framework */; };
		0103BF3718DB7DF800697273 /* UIKit.framework in Frameworks */ = {isa = PBXBuildFile; fileRef = 0103BF1918DB7DF700697273 /* UIKit.framework */; };
		0103BF3F18DB7DF800697273 /* InfoPlist.strings in Resources */ = {isa = PBXBuildFile; fileRef = 0103BF3D18DB7DF800697273 /* InfoPlist.strings */; };
		0103BF4118DB7DF800697273 /* RockTests.m in Sources */ = {isa = PBXBuildFile; fileRef = 0103BF4018DB7DF800697273 /* RockTests.m */; };
		0103BF4F18DB7E3C00697273 /* Sounds in Resources */ = {isa = PBXBuildFile; fileRef = 0103BF4E18DB7E3C00697273 /* Sounds */; };
		010FF84E191E133500AB8D0B /* knob@2x.png in Resources */ = {isa = PBXBuildFile; fileRef = 010FF84D191E133500AB8D0B /* knob@2x.png */; };
		01221FC31907172500BCC469 /* guitar_solo.aupreset in Resources */ = {isa = PBXBuildFile; fileRef = 01221FC21907172500BCC469 /* guitar_solo.aupreset */; };
		0132C85018DF853700DBC428 /* Player.m in Sources */ = {isa = PBXBuildFile; fileRef = 0132C84F18DF853700DBC428 /* Player.m */; };
		014035781921D99F00FC2F0E /* Knob.m in Sources */ = {isa = PBXBuildFile; fileRef = 014035771921D99F00FC2F0E /* Knob.m */; };
		0146B71B19275ED600284075 /* Artists.plist in Resources */ = {isa = PBXBuildFile; fileRef = 0146B71919275ED600284075 /* Artists.plist */; };
		0146B71C19275ED600284075 /* Names.plist in Resources */ = {isa = PBXBuildFile; fileRef = 0146B71A19275ED600284075 /* Names.plist */; };
		01557D3C191A4ED600B37172 /* Loops.plist in Resources */ = {isa = PBXBuildFile; fileRef = 01557D3B191A4ED600B37172 /* Loops.plist */; };
		01557D57191A915400B37172 /* dbass.aupreset in Resources */ = {isa = PBXBuildFile; fileRef = 01557D56191A915400B37172 /* dbass.aupreset */; };
		019BFFEF18E2C604002E58EA /* NoteBuffer.m in Sources */ = {isa = PBXBuildFile; fileRef = 019BFFEE18E2C604002E58EA /* NoteBuffer.m */; };
		01AEEED918F0A7DF00F513EE /* bass_solo.aupreset in Resources */ = {isa = PBXBuildFile; fileRef = 01AEEED818F0A7DF00F513EE /* bass_solo.aupreset */; };
		01AEEEDB18F0AD9F00F513EE /* bass_full.aupreset in Resources */ = {isa = PBXBuildFile; fileRef = 01AEEEDA18F0AD9F00F513EE /* bass_full.aupreset */; };
		01F5F3C718DC2E320050DFB0 /* Pulse.m in Sources */ = {isa = PBXBuildFile; fileRef = 01F5F3C618DC2E320050DFB0 /* Pulse.m */; };
		01F5F3CB18DC9DB00050DFB0 /* AudioSampler.m in Sources */ = {isa = PBXBuildFile; fileRef = 01F5F3CA18DC9DB00050DFB0 /* AudioSampler.m */; };
		01F5F3D118DCA0240050DFB0 /* AudioToolbox.framework in Frameworks */ = {isa = PBXBuildFile; fileRef = 01F5F3D018DCA0240050DFB0 /* AudioToolbox.framework */; };
		01F5F3D318DCE2080050DFB0 /* bass.aupreset in Resources */ = {isa = PBXBuildFile; fileRef = 01F5F3D218DCE2080050DFB0 /* bass.aupreset */; };
		01F5F3D818DCF8420050DFB0 /* CoreMIDI.framework in Frameworks */ = {isa = PBXBuildFile; fileRef = 01F5F3D718DCF8420050DFB0 /* CoreMIDI.framework */; };
		01FD825018EA895B0088E74F /* drums_full.aupreset in Resources */ = {isa = PBXBuildFile; fileRef = 01FD824E18EA895B0088E74F /* drums_full.aupreset */; };
		01FD825118EA895B0088E74F /* drums_min.aupreset in Resources */ = {isa = PBXBuildFile; fileRef = 01FD824F18EA895B0088E74F /* drums_min.aupreset */; };
		9F3634E418F0118700AEF1B1 /* KRPhotoPickerVC.m in Sources */ = {isa = PBXBuildFile; fileRef = 9F3634E218F0118700AEF1B1 /* KRPhotoPickerVC.m */; };
		9F3634E518F0118700AEF1B1 /* KRPhotoPickerVC.xib in Resources */ = {isa = PBXBuildFile; fileRef = 9F3634E318F0118700AEF1B1 /* KRPhotoPickerVC.xib */; };
		9F3634E718F013FE00AEF1B1 /* DebugViewController.xib in Resources */ = {isa = PBXBuildFile; fileRef = 9F3634E618F013FE00AEF1B1 /* DebugViewController.xib */; };
		9F3634E918F1728F00AEF1B1 /* huge.jpg in Resources */ = {isa = PBXBuildFile; fileRef = 9F3634E818F1728F00AEF1B1 /* huge.jpg */; };
		9F3634EA18F1728F00AEF1B1 /* huge.jpg in Resources */ = {isa = PBXBuildFile; fileRef = 9F3634E818F1728F00AEF1B1 /* huge.jpg */; };
		9F3EFF1A18DDA9E700392448 /* CoreMotion.framework in Frameworks */ = {isa = PBXBuildFile; fileRef = 9F3EFF1918DDA9E700392448 /* CoreMotion.framework */; };
		9F3EFF1C18DDB0AD00392448 /* CoreLocation.framework in Frameworks */ = {isa = PBXBuildFile; fileRef = 9F3EFF1B18DDB0AD00392448 /* CoreLocation.framework */; };
		9F3EFF1E18DDB99700392448 /* KRMotionTrackerTests.m in Sources */ = {isa = PBXBuildFile; fileRef = 9F3EFF1D18DDB99700392448 /* KRMotionTrackerTests.m */; };
		9F98F2E21919589A00DF06D0 /* hugeBlack.jpg in Resources */ = {isa = PBXBuildFile; fileRef = 9F98F2DF1919589A00DF06D0 /* hugeBlack.jpg */; };
		9F98F2E31919589A00DF06D0 /* hugeBlue.jpg in Resources */ = {isa = PBXBuildFile; fileRef = 9F98F2E01919589A00DF06D0 /* hugeBlue.jpg */; };
		9F98F2E41919589A00DF06D0 /* hugeRed.jpg in Resources */ = {isa = PBXBuildFile; fileRef = 9F98F2E11919589A00DF06D0 /* hugeRed.jpg */; };
		9F98F2E51919590E00DF06D0 /* hugeRed.jpg in Resources */ = {isa = PBXBuildFile; fileRef = 9F98F2E11919589A00DF06D0 /* hugeRed.jpg */; };
		9F98F2E61919591000DF06D0 /* hugeBlue.jpg in Resources */ = {isa = PBXBuildFile; fileRef = 9F98F2E01919589A00DF06D0 /* hugeBlue.jpg */; };
		9F98F2E71919591300DF06D0 /* hugeBlack.jpg in Resources */ = {isa = PBXBuildFile; fileRef = 9F98F2DF1919589A00DF06D0 /* hugeBlack.jpg */; };
		9FAB54EA18EDC7AE00C4E792 /* KRColorAnalyzer.m in Sources */ = {isa = PBXBuildFile; fileRef = 9FAB54E618EDC7AE00C4E792 /* KRColorAnalyzer.m */; };
		9FAB54EB18EDC7AE00C4E792 /* KRMotionTracker.m in Sources */ = {isa = PBXBuildFile; fileRef = 9FAB54E918EDC7AE00C4E792 /* KRMotionTracker.m */; };
		9FAB54ED18EDCA9C00C4E792 /* KRColorAnalyzerTests.m in Sources */ = {isa = PBXBuildFile; fileRef = 9FAB54EC18EDCA9C00C4E792 /* KRColorAnalyzerTests.m */; };
		9FAB54F018EDCC2100C4E792 /* green.png in Resources */ = {isa = PBXBuildFile; fileRef = 9FAB54EF18EDCC2100C4E792 /* green.png */; };
		9FAB54F118EDCDCB00C4E792 /* green.png in Resources */ = {isa = PBXBuildFile; fileRef = 9FAB54EF18EDCC2100C4E792 /* green.png */; };
		9FAB54F318EDDC2000C4E792 /* red.png in Resources */ = {isa = PBXBuildFile; fileRef = 9FAB54F218EDDC2000C4E792 /* red.png */; };
		9FAB54F418EDDC5D00C4E792 /* red.png in Resources */ = {isa = PBXBuildFile; fileRef = 9FAB54F218EDDC2000C4E792 /* red.png */; };
		9FAB54F618EDDD9C00C4E792 /* acid.png in Resources */ = {isa = PBXBuildFile; fileRef = 9FAB54F518EDDD9C00C4E792 /* acid.png */; };
		9FAB54F718EDDD9C00C4E792 /* acid.png in Resources */ = {isa = PBXBuildFile; fileRef = 9FAB54F518EDDD9C00C4E792 /* acid.png */; };
		9FB5AED1190EC4E400EADB1D /* KRColorUnit.m in Sources */ = {isa = PBXBuildFile; fileRef = 9FB5AED0190EC4E400EADB1D /* KRColorUnit.m */; };
		9FB5AED91912A51500EADB1D /* KRMainVC.m in Sources */ = {isa = PBXBuildFile; fileRef = 9FB5AED71912A51500EADB1D /* KRMainVC.m */; };
		9FB5AEDA1912A51500EADB1D /* KRMainVC.xib in Resources */ = {isa = PBXBuildFile; fileRef = 9FB5AED81912A51500EADB1D /* KRMainVC.xib */; };
		9FB5AEDF1912C32C00EADB1D /* KRSoloInstrumentVC.m in Sources */ = {isa = PBXBuildFile; fileRef = 9FB5AEDD1912C32C00EADB1D /* KRSoloInstrumentVC.m */; };
		9FB5AEE01912C32C00EADB1D /* KRSoloInstrumentVC.xib in Resources */ = {isa = PBXBuildFile; fileRef = 9FB5AEDE1912C32C00EADB1D /* KRSoloInstrumentVC.xib */; };
		9FB5AEE31912C7FC00EADB1D /* soloBackground.png in Resources */ = {isa = PBXBuildFile; fileRef = 9FB5AEE21912C7FC00EADB1D /* soloBackground.png */; };
		9FB5AEE71912CA4800EADB1D /* KRWalkingSpeedVC.m in Sources */ = {isa = PBXBuildFile; fileRef = 9FB5AEE51912CA4800EADB1D /* KRWalkingSpeedVC.m */; };
		9FB5AEE81912CA4800EADB1D /* KRWalkingSpeedVC.xib in Resources */ = {isa = PBXBuildFile; fileRef = 9FB5AEE61912CA4800EADB1D /* KRWalkingSpeedVC.xib */; };
/* End PBXBuildFile section */

/* Begin PBXContainerItemProxy section */
		0103BF3818DB7DF800697273 /* PBXContainerItemProxy */ = {
			isa = PBXContainerItemProxy;
			containerPortal = 0103BF0A18DB7DF700697273 /* Project object */;
			proxyType = 1;
			remoteGlobalIDString = 0103BF1118DB7DF700697273;
			remoteInfo = Rock;
		};
/* End PBXContainerItemProxy section */

/* Begin PBXFileReference section */
		0103BF1218DB7DF700697273 /* app.app */ = {isa = PBXFileReference; explicitFileType = wrapper.application; includeInIndex = 0; path = app.app; sourceTree = BUILT_PRODUCTS_DIR; };
		0103BF1518DB7DF700697273 /* Foundation.framework */ = {isa = PBXFileReference; lastKnownFileType = wrapper.framework; name = Foundation.framework; path = System/Library/Frameworks/Foundation.framework; sourceTree = SDKROOT; };
		0103BF1718DB7DF700697273 /* CoreGraphics.framework */ = {isa = PBXFileReference; lastKnownFileType = wrapper.framework; name = CoreGraphics.framework; path = System/Library/Frameworks/CoreGraphics.framework; sourceTree = SDKROOT; };
		0103BF1918DB7DF700697273 /* UIKit.framework */ = {isa = PBXFileReference; lastKnownFileType = wrapper.framework; name = UIKit.framework; path = System/Library/Frameworks/UIKit.framework; sourceTree = SDKROOT; };
		0103BF1D18DB7DF700697273 /* Rock-Info.plist */ = {isa = PBXFileReference; lastKnownFileType = text.plist.xml; path = "Rock-Info.plist"; sourceTree = "<group>"; };
		0103BF1F18DB7DF700697273 /* en */ = {isa = PBXFileReference; lastKnownFileType = text.plist.strings; name = en; path = en.lproj/InfoPlist.strings; sourceTree = "<group>"; };
		0103BF2118DB7DF800697273 /* main.m */ = {isa = PBXFileReference; lastKnownFileType = sourcecode.c.objc; path = main.m; sourceTree = "<group>"; };
		0103BF2318DB7DF800697273 /* Rock-Prefix.pch */ = {isa = PBXFileReference; lastKnownFileType = sourcecode.c.h; path = "Rock-Prefix.pch"; sourceTree = "<group>"; };
		0103BF2418DB7DF800697273 /* AppDelegate.h */ = {isa = PBXFileReference; lastKnownFileType = sourcecode.c.h; path = AppDelegate.h; sourceTree = "<group>"; };
		0103BF2518DB7DF800697273 /* AppDelegate.m */ = {isa = PBXFileReference; lastKnownFileType = sourcecode.c.objc; path = AppDelegate.m; sourceTree = "<group>"; };
		0103BF2A18DB7DF800697273 /* DebugViewController.h */ = {isa = PBXFileReference; lastKnownFileType = sourcecode.c.h; path = DebugViewController.h; sourceTree = "<group>"; };
		0103BF2B18DB7DF800697273 /* DebugViewController.m */ = {isa = PBXFileReference; lastKnownFileType = sourcecode.c.objc; path = DebugViewController.m; sourceTree = "<group>"; };
		0103BF2D18DB7DF800697273 /* Images.xcassets */ = {isa = PBXFileReference; lastKnownFileType = folder.assetcatalog; path = Images.xcassets; sourceTree = "<group>"; };
		0103BF3318DB7DF800697273 /* RockTests.xctest */ = {isa = PBXFileReference; explicitFileType = wrapper.cfbundle; includeInIndex = 0; path = RockTests.xctest; sourceTree = BUILT_PRODUCTS_DIR; };
		0103BF3418DB7DF800697273 /* XCTest.framework */ = {isa = PBXFileReference; lastKnownFileType = wrapper.framework; name = XCTest.framework; path = Library/Frameworks/XCTest.framework; sourceTree = DEVELOPER_DIR; };
		0103BF3C18DB7DF800697273 /* RockTests-Info.plist */ = {isa = PBXFileReference; lastKnownFileType = text.plist.xml; path = "RockTests-Info.plist"; sourceTree = "<group>"; };
		0103BF3E18DB7DF800697273 /* en */ = {isa = PBXFileReference; lastKnownFileType = text.plist.strings; name = en; path = en.lproj/InfoPlist.strings; sourceTree = "<group>"; };
		0103BF4018DB7DF800697273 /* RockTests.m */ = {isa = PBXFileReference; lastKnownFileType = sourcecode.c.objc; path = RockTests.m; sourceTree = "<group>"; };
		0103BF4E18DB7E3C00697273 /* Sounds */ = {isa = PBXFileReference; lastKnownFileType = folder; path = Sounds; sourceTree = "<group>"; };
		010FF84D191E133500AB8D0B /* knob@2x.png */ = {isa = PBXFileReference; lastKnownFileType = image.png; path = "knob@2x.png"; sourceTree = "<group>"; };
		01221FC21907172500BCC469 /* guitar_solo.aupreset */ = {isa = PBXFileReference; fileEncoding = 4; lastKnownFileType = text.xml; path = guitar_solo.aupreset; sourceTree = "<group>"; };
		0132C84E18DF853700DBC428 /* Player.h */ = {isa = PBXFileReference; fileEncoding = 4; lastKnownFileType = sourcecode.c.h; path = Player.h; sourceTree = "<group>"; };
		0132C84F18DF853700DBC428 /* Player.m */ = {isa = PBXFileReference; fileEncoding = 4; lastKnownFileType = sourcecode.c.objc; path = Player.m; sourceTree = "<group>"; };
		014035761921D99F00FC2F0E /* Knob.h */ = {isa = PBXFileReference; fileEncoding = 4; lastKnownFileType = sourcecode.c.h; path = Knob.h; sourceTree = "<group>"; };
		014035771921D99F00FC2F0E /* Knob.m */ = {isa = PBXFileReference; fileEncoding = 4; lastKnownFileType = sourcecode.c.objc; path = Knob.m; sourceTree = "<group>"; };
		0146B71919275ED600284075 /* Artists.plist */ = {isa = PBXFileReference; fileEncoding = 4; lastKnownFileType = text.plist.xml; path = Artists.plist; sourceTree = "<group>"; };
		0146B71A19275ED600284075 /* Names.plist */ = {isa = PBXFileReference; fileEncoding = 4; lastKnownFileType = text.plist.xml; path = Names.plist; sourceTree = "<group>"; };
		01557D3B191A4ED600B37172 /* Loops.plist */ = {isa = PBXFileReference; fileEncoding = 4; lastKnownFileType = text.plist.xml; path = Loops.plist; sourceTree = "<group>"; };
		01557D56191A915400B37172 /* dbass.aupreset */ = {isa = PBXFileReference; fileEncoding = 4; lastKnownFileType = text.xml; path = dbass.aupreset; sourceTree = "<group>"; };
		019BFFED18E2C604002E58EA /* NoteBuffer.h */ = {isa = PBXFileReference; fileEncoding = 4; lastKnownFileType = sourcecode.c.h; path = NoteBuffer.h; sourceTree = "<group>"; };
		019BFFEE18E2C604002E58EA /* NoteBuffer.m */ = {isa = PBXFileReference; fileEncoding = 4; lastKnownFileType = sourcecode.c.objc; path = NoteBuffer.m; sourceTree = "<group>"; };
		01AEEED818F0A7DF00F513EE /* bass_solo.aupreset */ = {isa = PBXFileReference; fileEncoding = 4; lastKnownFileType = text.xml; path = bass_solo.aupreset; sourceTree = "<group>"; };
		01AEEEDA18F0AD9F00F513EE /* bass_full.aupreset */ = {isa = PBXFileReference; fileEncoding = 4; lastKnownFileType = text.xml; path = bass_full.aupreset; sourceTree = "<group>"; };
		01F5F3C518DC2E320050DFB0 /* Pulse.h */ = {isa = PBXFileReference; fileEncoding = 4; lastKnownFileType = sourcecode.c.h; path = Pulse.h; sourceTree = "<group>"; };
		01F5F3C618DC2E320050DFB0 /* Pulse.m */ = {isa = PBXFileReference; fileEncoding = 4; lastKnownFileType = sourcecode.c.objc; path = Pulse.m; sourceTree = "<group>"; };
		01F5F3C818DC2E7E0050DFB0 /* AudioSettings.h */ = {isa = PBXFileReference; fileEncoding = 4; lastKnownFileType = sourcecode.c.h; path = AudioSettings.h; sourceTree = "<group>"; };
		01F5F3C918DC9DB00050DFB0 /* AudioSampler.h */ = {isa = PBXFileReference; fileEncoding = 4; lastKnownFileType = sourcecode.c.h; path = AudioSampler.h; sourceTree = "<group>"; };
		01F5F3CA18DC9DB00050DFB0 /* AudioSampler.m */ = {isa = PBXFileReference; fileEncoding = 4; lastKnownFileType = sourcecode.c.objc; path = AudioSampler.m; sourceTree = "<group>"; };
		01F5F3D018DCA0240050DFB0 /* AudioToolbox.framework */ = {isa = PBXFileReference; lastKnownFileType = wrapper.framework; name = AudioToolbox.framework; path = System/Library/Frameworks/AudioToolbox.framework; sourceTree = SDKROOT; };
		01F5F3D218DCE2080050DFB0 /* bass.aupreset */ = {isa = PBXFileReference; fileEncoding = 4; lastKnownFileType = text.xml; path = bass.aupreset; sourceTree = "<group>"; };
		01F5F3D718DCF8420050DFB0 /* CoreMIDI.framework */ = {isa = PBXFileReference; lastKnownFileType = wrapper.framework; name = CoreMIDI.framework; path = System/Library/Frameworks/CoreMIDI.framework; sourceTree = SDKROOT; };
		01FD824E18EA895B0088E74F /* drums_full.aupreset */ = {isa = PBXFileReference; fileEncoding = 4; lastKnownFileType = text.xml; path = drums_full.aupreset; sourceTree = "<group>"; };
		01FD824F18EA895B0088E74F /* drums_min.aupreset */ = {isa = PBXFileReference; fileEncoding = 4; lastKnownFileType = text.xml; path = drums_min.aupreset; sourceTree = "<group>"; };
		9F3634E118F0118700AEF1B1 /* KRPhotoPickerVC.h */ = {isa = PBXFileReference; fileEncoding = 4; lastKnownFileType = sourcecode.c.h; path = KRPhotoPickerVC.h; sourceTree = "<group>"; };
		9F3634E218F0118700AEF1B1 /* KRPhotoPickerVC.m */ = {isa = PBXFileReference; fileEncoding = 4; lastKnownFileType = sourcecode.c.objc; path = KRPhotoPickerVC.m; sourceTree = "<group>"; };
		9F3634E318F0118700AEF1B1 /* KRPhotoPickerVC.xib */ = {isa = PBXFileReference; fileEncoding = 4; lastKnownFileType = file.xib; path = KRPhotoPickerVC.xib; sourceTree = "<group>"; };
		9F3634E618F013FE00AEF1B1 /* DebugViewController.xib */ = {isa = PBXFileReference; fileEncoding = 4; lastKnownFileType = file.xib; path = DebugViewController.xib; sourceTree = "<group>"; };
		9F3634E818F1728F00AEF1B1 /* huge.jpg */ = {isa = PBXFileReference; lastKnownFileType = image.jpeg; path = huge.jpg; sourceTree = "<group>"; };
		9F3EFF1918DDA9E700392448 /* CoreMotion.framework */ = {isa = PBXFileReference; lastKnownFileType = wrapper.framework; name = CoreMotion.framework; path = System/Library/Frameworks/CoreMotion.framework; sourceTree = SDKROOT; };
		9F3EFF1B18DDB0AD00392448 /* CoreLocation.framework */ = {isa = PBXFileReference; lastKnownFileType = wrapper.framework; name = CoreLocation.framework; path = System/Library/Frameworks/CoreLocation.framework; sourceTree = SDKROOT; };
		9F3EFF1D18DDB99700392448 /* KRMotionTrackerTests.m */ = {isa = PBXFileReference; fileEncoding = 4; lastKnownFileType = sourcecode.c.objc; path = KRMotionTrackerTests.m; sourceTree = "<group>"; };
		9F98F2DF1919589A00DF06D0 /* hugeBlack.jpg */ = {isa = PBXFileReference; lastKnownFileType = image.jpeg; path = hugeBlack.jpg; sourceTree = "<group>"; };
		9F98F2E01919589A00DF06D0 /* hugeBlue.jpg */ = {isa = PBXFileReference; lastKnownFileType = image.jpeg; path = hugeBlue.jpg; sourceTree = "<group>"; };
		9F98F2E11919589A00DF06D0 /* hugeRed.jpg */ = {isa = PBXFileReference; lastKnownFileType = image.jpeg; path = hugeRed.jpg; sourceTree = "<group>"; };
		9FAB54E518EDC7AE00C4E792 /* KRColorAnalyzer.h */ = {isa = PBXFileReference; fileEncoding = 4; lastKnownFileType = sourcecode.c.h; path = KRColorAnalyzer.h; sourceTree = "<group>"; };
		9FAB54E618EDC7AE00C4E792 /* KRColorAnalyzer.m */ = {isa = PBXFileReference; fileEncoding = 4; lastKnownFileType = sourcecode.c.objc; path = KRColorAnalyzer.m; sourceTree = "<group>"; };
		9FAB54E818EDC7AE00C4E792 /* KRMotionTracker.h */ = {isa = PBXFileReference; fileEncoding = 4; lastKnownFileType = sourcecode.c.h; path = KRMotionTracker.h; sourceTree = "<group>"; };
		9FAB54E918EDC7AE00C4E792 /* KRMotionTracker.m */ = {isa = PBXFileReference; fileEncoding = 4; lastKnownFileType = sourcecode.c.objc; path = KRMotionTracker.m; sourceTree = "<group>"; };
		9FAB54EC18EDCA9C00C4E792 /* KRColorAnalyzerTests.m */ = {isa = PBXFileReference; fileEncoding = 4; lastKnownFileType = sourcecode.c.objc; path = KRColorAnalyzerTests.m; sourceTree = "<group>"; };
		9FAB54EF18EDCC2100C4E792 /* green.png */ = {isa = PBXFileReference; lastKnownFileType = image.png; path = green.png; sourceTree = "<group>"; };
		9FAB54F218EDDC2000C4E792 /* red.png */ = {isa = PBXFileReference; lastKnownFileType = image.png; path = red.png; sourceTree = "<group>"; };
		9FAB54F518EDDD9C00C4E792 /* acid.png */ = {isa = PBXFileReference; lastKnownFileType = image.png; path = acid.png; sourceTree = "<group>"; };
		9FB5AECF190EC4E400EADB1D /* KRColorUnit.h */ = {isa = PBXFileReference; fileEncoding = 4; lastKnownFileType = sourcecode.c.h; path = KRColorUnit.h; sourceTree = "<group>"; };
		9FB5AED0190EC4E400EADB1D /* KRColorUnit.m */ = {isa = PBXFileReference; fileEncoding = 4; lastKnownFileType = sourcecode.c.objc; path = KRColorUnit.m; sourceTree = "<group>"; };
		9FB5AED61912A51500EADB1D /* KRMainVC.h */ = {isa = PBXFileReference; fileEncoding = 4; lastKnownFileType = sourcecode.c.h; path = KRMainVC.h; sourceTree = "<group>"; };
		9FB5AED71912A51500EADB1D /* KRMainVC.m */ = {isa = PBXFileReference; fileEncoding = 4; lastKnownFileType = sourcecode.c.objc; path = KRMainVC.m; sourceTree = "<group>"; };
		9FB5AED81912A51500EADB1D /* KRMainVC.xib */ = {isa = PBXFileReference; fileEncoding = 4; lastKnownFileType = file.xib; path = KRMainVC.xib; sourceTree = "<group>"; };
		9FB5AEDC1912C32C00EADB1D /* KRSoloInstrumentVC.h */ = {isa = PBXFileReference; fileEncoding = 4; lastKnownFileType = sourcecode.c.h; path = KRSoloInstrumentVC.h; sourceTree = "<group>"; };
		9FB5AEDD1912C32C00EADB1D /* KRSoloInstrumentVC.m */ = {isa = PBXFileReference; fileEncoding = 4; lastKnownFileType = sourcecode.c.objc; path = KRSoloInstrumentVC.m; sourceTree = "<group>"; };
		9FB5AEDE1912C32C00EADB1D /* KRSoloInstrumentVC.xib */ = {isa = PBXFileReference; fileEncoding = 4; lastKnownFileType = file.xib; path = KRSoloInstrumentVC.xib; sourceTree = "<group>"; };
		9FB5AEE21912C7FC00EADB1D /* soloBackground.png */ = {isa = PBXFileReference; lastKnownFileType = image.png; path = soloBackground.png; sourceTree = "<group>"; };
		9FB5AEE41912CA4800EADB1D /* KRWalkingSpeedVC.h */ = {isa = PBXFileReference; fileEncoding = 4; lastKnownFileType = sourcecode.c.h; path = KRWalkingSpeedVC.h; sourceTree = "<group>"; };
		9FB5AEE51912CA4800EADB1D /* KRWalkingSpeedVC.m */ = {isa = PBXFileReference; fileEncoding = 4; lastKnownFileType = sourcecode.c.objc; path = KRWalkingSpeedVC.m; sourceTree = "<group>"; };
		9FB5AEE61912CA4800EADB1D /* KRWalkingSpeedVC.xib */ = {isa = PBXFileReference; fileEncoding = 4; lastKnownFileType = file.xib; path = KRWalkingSpeedVC.xib; sourceTree = "<group>"; };
/* End PBXFileReference section */

/* Begin PBXFrameworksBuildPhase section */
		0103BF0F18DB7DF700697273 /* Frameworks */ = {
			isa = PBXFrameworksBuildPhase;
			buildActionMask = 2147483647;
			files = (
				9F3EFF1C18DDB0AD00392448 /* CoreLocation.framework in Frameworks */,
				9F3EFF1A18DDA9E700392448 /* CoreMotion.framework in Frameworks */,
				01F5F3D818DCF8420050DFB0 /* CoreMIDI.framework in Frameworks */,
				01F5F3D118DCA0240050DFB0 /* AudioToolbox.framework in Frameworks */,
				0103BF1818DB7DF700697273 /* CoreGraphics.framework in Frameworks */,
				0103BF1A18DB7DF700697273 /* UIKit.framework in Frameworks */,
				0103BF1618DB7DF700697273 /* Foundation.framework in Frameworks */,
			);
			runOnlyForDeploymentPostprocessing = 0;
		};
		0103BF3018DB7DF800697273 /* Frameworks */ = {
			isa = PBXFrameworksBuildPhase;
			buildActionMask = 2147483647;
			files = (
				0103BF3518DB7DF800697273 /* XCTest.framework in Frameworks */,
				0103BF3718DB7DF800697273 /* UIKit.framework in Frameworks */,
				0103BF3618DB7DF800697273 /* Foundation.framework in Frameworks */,
			);
			runOnlyForDeploymentPostprocessing = 0;
		};
/* End PBXFrameworksBuildPhase section */

/* Begin PBXGroup section */
		0103BF0918DB7DF700697273 = {
			isa = PBXGroup;
			children = (
				0103BF1B18DB7DF700697273 /* Rock */,
				0103BF3A18DB7DF800697273 /* RockTests */,
				0103BF1418DB7DF700697273 /* Frameworks */,
				0103BF1318DB7DF700697273 /* Products */,
			);
			sourceTree = "<group>";
		};
		0103BF1318DB7DF700697273 /* Products */ = {
			isa = PBXGroup;
			children = (
				0103BF1218DB7DF700697273 /* app.app */,
				0103BF3318DB7DF800697273 /* RockTests.xctest */,
			);
			name = Products;
			sourceTree = "<group>";
		};
		0103BF1418DB7DF700697273 /* Frameworks */ = {
			isa = PBXGroup;
			children = (
				9F3EFF1B18DDB0AD00392448 /* CoreLocation.framework */,
				9F3EFF1918DDA9E700392448 /* CoreMotion.framework */,
				01F5F3D718DCF8420050DFB0 /* CoreMIDI.framework */,
				01F5F3D018DCA0240050DFB0 /* AudioToolbox.framework */,
				0103BF1518DB7DF700697273 /* Foundation.framework */,
				0103BF1718DB7DF700697273 /* CoreGraphics.framework */,
				0103BF1918DB7DF700697273 /* UIKit.framework */,
				0103BF3418DB7DF800697273 /* XCTest.framework */,
			);
			name = Frameworks;
			sourceTree = "<group>";
		};
		0103BF1B18DB7DF700697273 /* Rock */ = {
			isa = PBXGroup;
			children = (
				01557D56191A915400B37172 /* dbass.aupreset */,
				01221FC21907172500BCC469 /* guitar_solo.aupreset */,
				01AEEEDA18F0AD9F00F513EE /* bass_full.aupreset */,
				01AEEED818F0A7DF00F513EE /* bass_solo.aupreset */,
				01FD824E18EA895B0088E74F /* drums_full.aupreset */,
				01FD824F18EA895B0088E74F /* drums_min.aupreset */,
				01F5F3D218DCE2080050DFB0 /* bass.aupreset */,
				9FB5AEE11912C7FC00EADB1D /* Resources */,
				0103BF4E18DB7E3C00697273 /* Sounds */,
				0103BF4A18DB7E2F00697273 /* Code */,
				0103BF2418DB7DF800697273 /* AppDelegate.h */,
				0103BF2518DB7DF800697273 /* AppDelegate.m */,
				0103BF2A18DB7DF800697273 /* DebugViewController.h */,
				0103BF2B18DB7DF800697273 /* DebugViewController.m */,
				9F3634E618F013FE00AEF1B1 /* DebugViewController.xib */,
				0103BF2D18DB7DF800697273 /* Images.xcassets */,
				0103BF1C18DB7DF700697273 /* Supporting Files */,
			);
			path = Rock;
			sourceTree = "<group>";
		};
		0103BF1C18DB7DF700697273 /* Supporting Files */ = {
			isa = PBXGroup;
			children = (
				0103BF1D18DB7DF700697273 /* Rock-Info.plist */,
				0103BF1E18DB7DF700697273 /* InfoPlist.strings */,
				0103BF2118DB7DF800697273 /* main.m */,
				0103BF2318DB7DF800697273 /* Rock-Prefix.pch */,
			);
			name = "Supporting Files";
			sourceTree = "<group>";
		};
		0103BF3A18DB7DF800697273 /* RockTests */ = {
			isa = PBXGroup;
			children = (
				9FAB54EE18EDCC2100C4E792 /* TestImages */,
				0103BF4018DB7DF800697273 /* RockTests.m */,
				0103BF3B18DB7DF800697273 /* Supporting Files */,
				9F3EFF1D18DDB99700392448 /* KRMotionTrackerTests.m */,
				9FAB54EC18EDCA9C00C4E792 /* KRColorAnalyzerTests.m */,
			);
			path = RockTests;
			sourceTree = "<group>";
		};
		0103BF3B18DB7DF800697273 /* Supporting Files */ = {
			isa = PBXGroup;
			children = (
				0103BF3C18DB7DF800697273 /* RockTests-Info.plist */,
				0103BF3D18DB7DF800697273 /* InfoPlist.strings */,
			);
			name = "Supporting Files";
			sourceTree = "<group>";
		};
		0103BF4A18DB7E2F00697273 /* Code */ = {
			isa = PBXGroup;
			children = (
				9F3634E018F0116300AEF1B1 /* ViewControllers */,
				9FAB54E418EDC7AE00C4E792 /* ImageAnalyzer */,
				9FAB54E718EDC7AE00C4E792 /* Motion */,
				0103BF4B18DB7E2F00697273 /* Audio */,
				0103BF4D18DB7E2F00697273 /* Sensors */,
			);
			path = Code;
			sourceTree = "<group>";
		};
		0103BF4B18DB7E2F00697273 /* Audio */ = {
			isa = PBXGroup;
			children = (
				01F5F3C518DC2E320050DFB0 /* Pulse.h */,
				01F5F3C618DC2E320050DFB0 /* Pulse.m */,
				01F5F3C818DC2E7E0050DFB0 /* AudioSettings.h */,
				01F5F3C918DC9DB00050DFB0 /* AudioSampler.h */,
				01F5F3CA18DC9DB00050DFB0 /* AudioSampler.m */,
				0132C84E18DF853700DBC428 /* Player.h */,
				0132C84F18DF853700DBC428 /* Player.m */,
				019BFFED18E2C604002E58EA /* NoteBuffer.h */,
				019BFFEE18E2C604002E58EA /* NoteBuffer.m */,
			);
			path = Audio;
			sourceTree = "<group>";
		};
		0103BF4D18DB7E2F00697273 /* Sensors */ = {
			isa = PBXGroup;
			children = (
			);
			path = Sensors;
			sourceTree = "<group>";
		};
		01557D3A191A4ED600B37172 /* MIDI */ = {
			isa = PBXGroup;
			children = (
				01557D3B191A4ED600B37172 /* Loops.plist */,
			);
			path = MIDI;
			sourceTree = "<group>";
		};
		9F3634E018F0116300AEF1B1 /* ViewControllers */ = {
			isa = PBXGroup;
			children = (
				9FB5AEDB1912C05F00EADB1D /* Controls */,
				9F3634E118F0118700AEF1B1 /* KRPhotoPickerVC.h */,
				9F3634E218F0118700AEF1B1 /* KRPhotoPickerVC.m */,
				9F3634E318F0118700AEF1B1 /* KRPhotoPickerVC.xib */,
				9FB5AED61912A51500EADB1D /* KRMainVC.h */,
				9FB5AED71912A51500EADB1D /* KRMainVC.m */,
				9FB5AED81912A51500EADB1D /* KRMainVC.xib */,
			);
			path = ViewControllers;
			sourceTree = "<group>";
		};
		9FAB54E418EDC7AE00C4E792 /* ImageAnalyzer */ = {
			isa = PBXGroup;
			children = (
				9FAB54E518EDC7AE00C4E792 /* KRColorAnalyzer.h */,
				9FAB54E618EDC7AE00C4E792 /* KRColorAnalyzer.m */,
				9FB5AECF190EC4E400EADB1D /* KRColorUnit.h */,
				9FB5AED0190EC4E400EADB1D /* KRColorUnit.m */,
			);
			path = ImageAnalyzer;
			sourceTree = "<group>";
		};
		9FAB54E718EDC7AE00C4E792 /* Motion */ = {
			isa = PBXGroup;
			children = (
				9FAB54E818EDC7AE00C4E792 /* KRMotionTracker.h */,
				9FAB54E918EDC7AE00C4E792 /* KRMotionTracker.m */,
			);
			path = Motion;
			sourceTree = "<group>";
		};
		9FAB54EE18EDCC2100C4E792 /* TestImages */ = {
			isa = PBXGroup;
			children = (
				9F98F2DF1919589A00DF06D0 /* hugeBlack.jpg */,
				9F98F2E01919589A00DF06D0 /* hugeBlue.jpg */,
				9F98F2E11919589A00DF06D0 /* hugeRed.jpg */,
				9F3634E818F1728F00AEF1B1 /* huge.jpg */,
				9FAB54EF18EDCC2100C4E792 /* green.png */,
				9FAB54F218EDDC2000C4E792 /* red.png */,
				9FAB54F518EDDD9C00C4E792 /* acid.png */,
			);
			path = TestImages;
			sourceTree = "<group>";
		};
		9FB5AEDB1912C05F00EADB1D /* Controls */ = {
			isa = PBXGroup;
			children = (
				9FB5AEDC1912C32C00EADB1D /* KRSoloInstrumentVC.h */,
				9FB5AEDD1912C32C00EADB1D /* KRSoloInstrumentVC.m */,
				9FB5AEDE1912C32C00EADB1D /* KRSoloInstrumentVC.xib */,
				9FB5AEE41912CA4800EADB1D /* KRWalkingSpeedVC.h */,
				9FB5AEE51912CA4800EADB1D /* KRWalkingSpeedVC.m */,
				9FB5AEE61912CA4800EADB1D /* KRWalkingSpeedVC.xib */,
				014035761921D99F00FC2F0E /* Knob.h */,
				014035771921D99F00FC2F0E /* Knob.m */,
			);
			path = Controls;
			sourceTree = "<group>";
		};
		9FB5AEE11912C7FC00EADB1D /* Resources */ = {
			isa = PBXGroup;
			children = (
				0146B71919275ED600284075 /* Artists.plist */,
				0146B71A19275ED600284075 /* Names.plist */,
				010FF84D191E133500AB8D0B /* knob@2x.png */,
				01557D3A191A4ED600B37172 /* MIDI */,
				9FB5AEE21912C7FC00EADB1D /* soloBackground.png */,
			);
			path = Resources;
			sourceTree = "<group>";
		};
/* End PBXGroup section */

/* Begin PBXNativeTarget section */
		0103BF1118DB7DF700697273 /* Rock */ = {
			isa = PBXNativeTarget;
			buildConfigurationList = 0103BF4418DB7DF800697273 /* Build configuration list for PBXNativeTarget "Rock" */;
			buildPhases = (
				0103BF0E18DB7DF700697273 /* Sources */,
				0103BF0F18DB7DF700697273 /* Frameworks */,
				0103BF1018DB7DF700697273 /* Resources */,
			);
			buildRules = (
			);
			dependencies = (
			);
			name = Rock;
			productName = Rock;
			productReference = 0103BF1218DB7DF700697273 /* app.app */;
			productType = "com.apple.product-type.application";
		};
		0103BF3218DB7DF800697273 /* RockTests */ = {
			isa = PBXNativeTarget;
			buildConfigurationList = 0103BF4718DB7DF800697273 /* Build configuration list for PBXNativeTarget "RockTests" */;
			buildPhases = (
				0103BF2F18DB7DF800697273 /* Sources */,
				0103BF3018DB7DF800697273 /* Frameworks */,
				0103BF3118DB7DF800697273 /* Resources */,
			);
			buildRules = (
			);
			dependencies = (
				0103BF3918DB7DF800697273 /* PBXTargetDependency */,
			);
			name = RockTests;
			productName = RockTests;
			productReference = 0103BF3318DB7DF800697273 /* RockTests.xctest */;
			productType = "com.apple.product-type.bundle.unit-test";
		};
/* End PBXNativeTarget section */

/* Begin PBXProject section */
		0103BF0A18DB7DF700697273 /* Project object */ = {
			isa = PBXProject;
			attributes = {
				CLASSPREFIX = KR;
				LastUpgradeCheck = 0510;
				ORGANIZATIONNAME = Kusto;
				TargetAttributes = {
					0103BF1118DB7DF700697273 = {
						DevelopmentTeam = C92M3ZV55X;
						SystemCapabilities = {
							com.apple.BackgroundModes = {
								enabled = 1;
							};
						};
					};
					0103BF3218DB7DF800697273 = {
						TestTargetID = 0103BF1118DB7DF700697273;
					};
				};
			};
			buildConfigurationList = 0103BF0D18DB7DF700697273 /* Build configuration list for PBXProject "Rock" */;
			compatibilityVersion = "Xcode 3.2";
			developmentRegion = English;
			hasScannedForEncodings = 0;
			knownRegions = (
				en,
				Base,
			);
			mainGroup = 0103BF0918DB7DF700697273;
			productRefGroup = 0103BF1318DB7DF700697273 /* Products */;
			projectDirPath = "";
			projectRoot = "";
			targets = (
				0103BF1118DB7DF700697273 /* Rock */,
				0103BF3218DB7DF800697273 /* RockTests */,
			);
		};
/* End PBXProject section */

/* Begin PBXResourcesBuildPhase section */
		0103BF1018DB7DF700697273 /* Resources */ = {
			isa = PBXResourcesBuildPhase;
			buildActionMask = 2147483647;
			files = (
				9FB5AEDA1912A51500EADB1D /* KRMainVC.xib in Resources */,
				9FAB54F618EDDD9C00C4E792 /* acid.png in Resources */,
				01557D57191A915400B37172 /* dbass.aupreset in Resources */,
				9F98F2E71919591300DF06D0 /* hugeBlack.jpg in Resources */,
				010FF84E191E133500AB8D0B /* knob@2x.png in Resources */,
				9FB5AEE31912C7FC00EADB1D /* soloBackground.png in Resources */,
				0103BF2E18DB7DF800697273 /* Images.xcassets in Resources */,
				0103BF2018DB7DF700697273 /* InfoPlist.strings in Resources */,
				9FAB54F418EDDC5D00C4E792 /* red.png in Resources */,
				0146B71B19275ED600284075 /* Artists.plist in Resources */,
				9F3634E918F1728F00AEF1B1 /* huge.jpg in Resources */,
				01AEEED918F0A7DF00F513EE /* bass_solo.aupreset in Resources */,
				01557D3C191A4ED600B37172 /* Loops.plist in Resources */,
				9FAB54F118EDCDCB00C4E792 /* green.png in Resources */,
				0103BF4F18DB7E3C00697273 /* Sounds in Resources */,
				9F98F2E51919590E00DF06D0 /* hugeRed.jpg in Resources */,
				9F3634E518F0118700AEF1B1 /* KRPhotoPickerVC.xib in Resources */,
				9FB5AEE81912CA4800EADB1D /* KRWalkingSpeedVC.xib in Resources */,
				0146B71C19275ED600284075 /* Names.plist in Resources */,
				01221FC31907172500BCC469 /* guitar_solo.aupreset in Resources */,
				01AEEEDB18F0AD9F00F513EE /* bass_full.aupreset in Resources */,
				01F5F3D318DCE2080050DFB0 /* bass.aupreset in Resources */,
				9FB5AEE01912C32C00EADB1D /* KRSoloInstrumentVC.xib in Resources */,
				01FD825018EA895B0088E74F /* drums_full.aupreset in Resources */,
				9F98F2E61919591000DF06D0 /* hugeBlue.jpg in Resources */,
				9F3634E718F013FE00AEF1B1 /* DebugViewController.xib in Resources */,
				01FD825118EA895B0088E74F /* drums_min.aupreset in Resources */,
			);
			runOnlyForDeploymentPostprocessing = 0;
		};
		0103BF3118DB7DF800697273 /* Resources */ = {
			isa = PBXResourcesBuildPhase;
			buildActionMask = 2147483647;
			files = (
				9FAB54F718EDDD9C00C4E792 /* acid.png in Resources */,
				9F3634EA18F1728F00AEF1B1 /* huge.jpg in Resources */,
				9F98F2E31919589A00DF06D0 /* hugeBlue.jpg in Resources */,
				9F98F2E21919589A00DF06D0 /* hugeBlack.jpg in Resources */,
				9FAB54F318EDDC2000C4E792 /* red.png in Resources */,
				0103BF3F18DB7DF800697273 /* InfoPlist.strings in Resources */,
				9F98F2E41919589A00DF06D0 /* hugeRed.jpg in Resources */,
				9FAB54F018EDCC2100C4E792 /* green.png in Resources */,
			);
			runOnlyForDeploymentPostprocessing = 0;
		};
/* End PBXResourcesBuildPhase section */

/* Begin PBXSourcesBuildPhase section */
		0103BF0E18DB7DF700697273 /* Sources */ = {
			isa = PBXSourcesBuildPhase;
			buildActionMask = 2147483647;
			files = (
				0103BF2C18DB7DF800697273 /* DebugViewController.m in Sources */,
				019BFFEF18E2C604002E58EA /* NoteBuffer.m in Sources */,
				9FB5AEDF1912C32C00EADB1D /* KRSoloInstrumentVC.m in Sources */,
				0103BF2618DB7DF800697273 /* AppDelegate.m in Sources */,
				9FAB54EB18EDC7AE00C4E792 /* KRMotionTracker.m in Sources */,
				014035781921D99F00FC2F0E /* Knob.m in Sources */,
				9FB5AED91912A51500EADB1D /* KRMainVC.m in Sources */,
				9FAB54EA18EDC7AE00C4E792 /* KRColorAnalyzer.m in Sources */,
				0132C85018DF853700DBC428 /* Player.m in Sources */,
				9FB5AED1190EC4E400EADB1D /* KRColorUnit.m in Sources */,
				01F5F3C718DC2E320050DFB0 /* Pulse.m in Sources */,
				0103BF2218DB7DF800697273 /* main.m in Sources */,
				9FB5AEE71912CA4800EADB1D /* KRWalkingSpeedVC.m in Sources */,
				01F5F3CB18DC9DB00050DFB0 /* AudioSampler.m in Sources */,
				9F3634E418F0118700AEF1B1 /* KRPhotoPickerVC.m in Sources */,
			);
			runOnlyForDeploymentPostprocessing = 0;
		};
		0103BF2F18DB7DF800697273 /* Sources */ = {
			isa = PBXSourcesBuildPhase;
			buildActionMask = 2147483647;
			files = (
				0103BF4118DB7DF800697273 /* RockTests.m in Sources */,
				9FAB54ED18EDCA9C00C4E792 /* KRColorAnalyzerTests.m in Sources */,
				9F3EFF1E18DDB99700392448 /* KRMotionTrackerTests.m in Sources */,
			);
			runOnlyForDeploymentPostprocessing = 0;
		};
/* End PBXSourcesBuildPhase section */

/* Begin PBXTargetDependency section */
		0103BF3918DB7DF800697273 /* PBXTargetDependency */ = {
			isa = PBXTargetDependency;
			target = 0103BF1118DB7DF700697273 /* Rock */;
			targetProxy = 0103BF3818DB7DF800697273 /* PBXContainerItemProxy */;
		};
/* End PBXTargetDependency section */

/* Begin PBXVariantGroup section */
		0103BF1E18DB7DF700697273 /* InfoPlist.strings */ = {
			isa = PBXVariantGroup;
			children = (
				0103BF1F18DB7DF700697273 /* en */,
			);
			name = InfoPlist.strings;
			sourceTree = "<group>";
		};
		0103BF3D18DB7DF800697273 /* InfoPlist.strings */ = {
			isa = PBXVariantGroup;
			children = (
				0103BF3E18DB7DF800697273 /* en */,
			);
			name = InfoPlist.strings;
			sourceTree = "<group>";
		};
/* End PBXVariantGroup section */

/* Begin XCBuildConfiguration section */
		0103BF4218DB7DF800697273 /* Debug */ = {
			isa = XCBuildConfiguration;
			buildSettings = {
				ALWAYS_SEARCH_USER_PATHS = NO;
				CLANG_CXX_LANGUAGE_STANDARD = "gnu++0x";
				CLANG_CXX_LIBRARY = "libc++";
				CLANG_ENABLE_MODULES = YES;
				CLANG_ENABLE_OBJC_ARC = YES;
				CLANG_WARN_BOOL_CONVERSION = YES;
				CLANG_WARN_CONSTANT_CONVERSION = YES;
				CLANG_WARN_DIRECT_OBJC_ISA_USAGE = YES_ERROR;
				CLANG_WARN_EMPTY_BODY = YES;
				CLANG_WARN_ENUM_CONVERSION = YES;
				CLANG_WARN_INT_CONVERSION = YES;
				CLANG_WARN_OBJC_ROOT_CLASS = YES_ERROR;
				CLANG_WARN__DUPLICATE_METHOD_MATCH = YES;
				CODE_SIGN_IDENTITY = "iPhone Developer: Антон Чеботов (M6SJTRRNKS)";
				"CODE_SIGN_IDENTITY[sdk=iphoneos*]" = "iPhone Developer";
				COPY_PHASE_STRIP = NO;
				GCC_C_LANGUAGE_STANDARD = gnu99;
				GCC_DYNAMIC_NO_PIC = NO;
				GCC_OPTIMIZATION_LEVEL = 0;
				GCC_PREPROCESSOR_DEFINITIONS = (
					"DEBUG=1",
					"$(inherited)",
				);
				GCC_SYMBOLS_PRIVATE_EXTERN = NO;
				GCC_WARN_64_TO_32_BIT_CONVERSION = YES;
				GCC_WARN_ABOUT_RETURN_TYPE = YES_ERROR;
				GCC_WARN_UNDECLARED_SELECTOR = YES;
				GCC_WARN_UNINITIALIZED_AUTOS = YES_AGGRESSIVE;
				GCC_WARN_UNUSED_FUNCTION = YES;
				GCC_WARN_UNUSED_VARIABLE = YES;
				IPHONEOS_DEPLOYMENT_TARGET = 7.1;
				ONLY_ACTIVE_ARCH = YES;
				PROVISIONING_PROFILE = "64FD2D79-8BA3-40E9-AAB4-059B091FAFA1";
				SDKROOT = iphoneos;
			};
			name = Debug;
		};
		0103BF4318DB7DF800697273 /* Release */ = {
			isa = XCBuildConfiguration;
			buildSettings = {
				ALWAYS_SEARCH_USER_PATHS = NO;
				CLANG_CXX_LANGUAGE_STANDARD = "gnu++0x";
				CLANG_CXX_LIBRARY = "libc++";
				CLANG_ENABLE_MODULES = YES;
				CLANG_ENABLE_OBJC_ARC = YES;
				CLANG_WARN_BOOL_CONVERSION = YES;
				CLANG_WARN_CONSTANT_CONVERSION = YES;
				CLANG_WARN_DIRECT_OBJC_ISA_USAGE = YES_ERROR;
				CLANG_WARN_EMPTY_BODY = YES;
				CLANG_WARN_ENUM_CONVERSION = YES;
				CLANG_WARN_INT_CONVERSION = YES;
				CLANG_WARN_OBJC_ROOT_CLASS = YES_ERROR;
				CLANG_WARN__DUPLICATE_METHOD_MATCH = YES;
				CODE_SIGN_IDENTITY = "iPhone Developer: Антон Чеботов (M6SJTRRNKS)";
				"CODE_SIGN_IDENTITY[sdk=iphoneos*]" = "iPhone Developer";
				COPY_PHASE_STRIP = YES;
				ENABLE_NS_ASSERTIONS = NO;
				GCC_C_LANGUAGE_STANDARD = gnu99;
				GCC_WARN_64_TO_32_BIT_CONVERSION = YES;
				GCC_WARN_ABOUT_RETURN_TYPE = YES_ERROR;
				GCC_WARN_UNDECLARED_SELECTOR = YES;
				GCC_WARN_UNINITIALIZED_AUTOS = YES_AGGRESSIVE;
				GCC_WARN_UNUSED_FUNCTION = YES;
				GCC_WARN_UNUSED_VARIABLE = YES;
				IPHONEOS_DEPLOYMENT_TARGET = 7.1;
				PROVISIONING_PROFILE = "64FD2D79-8BA3-40E9-AAB4-059B091FAFA1";
				SDKROOT = iphoneos;
				VALIDATE_PRODUCT = YES;
			};
			name = Release;
		};
		0103BF4518DB7DF800697273 /* Debug */ = {
			isa = XCBuildConfiguration;
			buildSettings = {
				ASSETCATALOG_COMPILER_APPICON_NAME = AppIcon;
				ASSETCATALOG_COMPILER_LAUNCHIMAGE_NAME = LaunchImage;
				CODE_SIGN_IDENTITY = "iPhone Developer";
				"CODE_SIGN_IDENTITY[sdk=iphoneos*]" = "iPhone Developer";
				GCC_PRECOMPILE_PREFIX_HEADER = YES;
				GCC_PREFIX_HEADER = "Rock/Rock-Prefix.pch";
				INFOPLIST_FILE = "Rock/Rock-Info.plist";
				IPHONEOS_DEPLOYMENT_TARGET = 7.0;
				PRODUCT_NAME = app;
				PROVISIONING_PROFILE = "DF2396E4-AD67-4968-897A-AD0035FB584A";
				WRAPPER_EXTENSION = app;
			};
			name = Debug;
		};
		0103BF4618DB7DF800697273 /* Release */ = {
			isa = XCBuildConfiguration;
			buildSettings = {
				ASSETCATALOG_COMPILER_APPICON_NAME = AppIcon;
				ASSETCATALOG_COMPILER_LAUNCHIMAGE_NAME = LaunchImage;
				CODE_SIGN_IDENTITY = "iPhone Developer";
				"CODE_SIGN_IDENTITY[sdk=iphoneos*]" = "iPhone Developer";
				GCC_PRECOMPILE_PREFIX_HEADER = YES;
				GCC_PREFIX_HEADER = "Rock/Rock-Prefix.pch";
				INFOPLIST_FILE = "Rock/Rock-Info.plist";
				IPHONEOS_DEPLOYMENT_TARGET = 7.0;
				PRODUCT_NAME = app;
				PROVISIONING_PROFILE = "DF2396E4-AD67-4968-897A-AD0035FB584A";
				WRAPPER_EXTENSION = app;
			};
			name = Release;
		};
		0103BF4818DB7DF800697273 /* Debug */ = {
			isa = XCBuildConfiguration;
			buildSettings = {
				BUNDLE_LOADER = "$(BUILT_PRODUCTS_DIR)/app.app/app";
				FRAMEWORK_SEARCH_PATHS = (
					"$(SDKROOT)/Developer/Library/Frameworks",
					"$(inherited)",
					"$(DEVELOPER_FRAMEWORKS_DIR)",
				);
				GCC_PRECOMPILE_PREFIX_HEADER = YES;
				GCC_PREFIX_HEADER = "Rock/Rock-Prefix.pch";
				GCC_PREPROCESSOR_DEFINITIONS = (
					"DEBUG=1",
					"$(inherited)",
				);
				INFOPLIST_FILE = "RockTests/RockTests-Info.plist";
				PRODUCT_NAME = RockTests;
				TEST_HOST = "$(BUNDLE_LOADER)";
				WRAPPER_EXTENSION = xctest;
			};
			name = Debug;
		};
		0103BF4918DB7DF800697273 /* Release */ = {
			isa = XCBuildConfiguration;
			buildSettings = {
				BUNDLE_LOADER = "$(BUILT_PRODUCTS_DIR)/app.app/app";
				FRAMEWORK_SEARCH_PATHS = (
					"$(SDKROOT)/Developer/Library/Frameworks",
					"$(inherited)",
					"$(DEVELOPER_FRAMEWORKS_DIR)",
				);
				GCC_PRECOMPILE_PREFIX_HEADER = YES;
				GCC_PREFIX_HEADER = "Rock/Rock-Prefix.pch";
				INFOPLIST_FILE = "RockTests/RockTests-Info.plist";
				PRODUCT_NAME = RockTests;
				TEST_HOST = "$(BUNDLE_LOADER)";
				WRAPPER_EXTENSION = xctest;
			};
			name = Release;
		};
/* End XCBuildConfiguration section */

/* Begin XCConfigurationList section */
		0103BF0D18DB7DF700697273 /* Build configuration list for PBXProject "Rock" */ = {
			isa = XCConfigurationList;
			buildConfigurations = (
				0103BF4218DB7DF800697273 /* Debug */,
				0103BF4318DB7DF800697273 /* Release */,
			);
			defaultConfigurationIsVisible = 0;
			defaultConfigurationName = Release;
		};
		0103BF4418DB7DF800697273 /* Build configuration list for PBXNativeTarget "Rock" */ = {
			isa = XCConfigurationList;
			buildConfigurations = (
				0103BF4518DB7DF800697273 /* Debug */,
				0103BF4618DB7DF800697273 /* Release */,
			);
			defaultConfigurationIsVisible = 0;
			defaultConfigurationName = Release;
		};
		0103BF4718DB7DF800697273 /* Build configuration list for PBXNativeTarget "RockTests" */ = {
			isa = XCConfigurationList;
			buildConfigurations = (
				0103BF4818DB7DF800697273 /* Debug */,
				0103BF4918DB7DF800697273 /* Release */,
			);
			defaultConfigurationIsVisible = 0;
			defaultConfigurationName = Release;
		};
/* End XCConfigurationList section */
	};
	rootObject = 0103BF0A18DB7DF700697273 /* Project object */;
}
